// !$*UTF8*$!
{
	archiveVersion = 1;
	classes = {
	};
	objectVersion = 48;
	objects = {

/* Begin PBXBuildFile section */
		69F0314E206E22FD00E46A12 /* AppDelegate.m in Sources */ = {isa = PBXBuildFile; fileRef = 69F0314D206E22FD00E46A12 /* AppDelegate.m */; };
		69F03151206E22FD00E46A12 /* ViewController.m in Sources */ = {isa = PBXBuildFile; fileRef = 69F03150206E22FD00E46A12 /* ViewController.m */; };
		69F03154206E22FD00E46A12 /* Main.storyboard in Resources */ = {isa = PBXBuildFile; fileRef = 69F03152206E22FD00E46A12 /* Main.storyboard */; };
		69F03156206E22FD00E46A12 /* Assets.xcassets in Resources */ = {isa = PBXBuildFile; fileRef = 69F03155206E22FD00E46A12 /* Assets.xcassets */; };
		69F03159206E22FD00E46A12 /* LaunchScreen.storyboard in Resources */ = {isa = PBXBuildFile; fileRef = 69F03157206E22FD00E46A12 /* LaunchScreen.storyboard */; };
		69F0315C206E22FD00E46A12 /* main.m in Sources */ = {isa = PBXBuildFile; fileRef = 69F0315B206E22FD00E46A12 /* main.m */; };
		69F03167206E274900E46A12 /* ZZAlertViewManager.m in Sources */ = {isa = PBXBuildFile; fileRef = 69F03163206E274900E46A12 /* ZZAlertViewManager.m */; };
		69F03168206E274900E46A12 /* ZZBaseAlertView.m in Sources */ = {isa = PBXBuildFile; fileRef = 69F03166206E274900E46A12 /* ZZBaseAlertView.m */; };
		69F0316B206E276A00E46A12 /* ZZViewA.m in Sources */ = {isa = PBXBuildFile; fileRef = 69F0316A206E276A00E46A12 /* ZZViewA.m */; };
		69F0316D206E2CDF00E46A12 /* README.md in Resources */ = {isa = PBXBuildFile; fileRef = 69F0316C206E2CDF00E46A12 /* README.md */; };
		69F0316F206E3C5100E46A12 /* ZZAlertViewManager.podspec in Resources */ = {isa = PBXBuildFile; fileRef = 69F0316E206E3C5100E46A12 /* ZZAlertViewManager.podspec */; };
/* End PBXBuildFile section */

/* Begin PBXFileReference section */
		69F03149206E22FD00E46A12 /* ZZAlertManagerDemo.app */ = {isa = PBXFileReference; explicitFileType = wrapper.application; includeInIndex = 0; path = ZZAlertManagerDemo.app; sourceTree = BUILT_PRODUCTS_DIR; };
		69F0314C206E22FD00E46A12 /* AppDelegate.h */ = {isa = PBXFileReference; lastKnownFileType = sourcecode.c.h; path = AppDelegate.h; sourceTree = "<group>"; };
		69F0314D206E22FD00E46A12 /* AppDelegate.m */ = {isa = PBXFileReference; lastKnownFileType = sourcecode.c.objc; path = AppDelegate.m; sourceTree = "<group>"; };
		69F0314F206E22FD00E46A12 /* ViewController.h */ = {isa = PBXFileReference; lastKnownFileType = sourcecode.c.h; path = ViewController.h; sourceTree = "<group>"; };
		69F03150206E22FD00E46A12 /* ViewController.m */ = {isa = PBXFileReference; lastKnownFileType = sourcecode.c.objc; path = ViewController.m; sourceTree = "<group>"; };
		69F03153206E22FD00E46A12 /* Base */ = {isa = PBXFileReference; lastKnownFileType = file.storyboard; name = Base; path = Base.lproj/Main.storyboard; sourceTree = "<group>"; };
		69F03155206E22FD00E46A12 /* Assets.xcassets */ = {isa = PBXFileReference; lastKnownFileType = folder.assetcatalog; path = Assets.xcassets; sourceTree = "<group>"; };
		69F03158206E22FD00E46A12 /* Base */ = {isa = PBXFileReference; lastKnownFileType = file.storyboard; name = Base; path = Base.lproj/LaunchScreen.storyboard; sourceTree = "<group>"; };
		69F0315A206E22FD00E46A12 /* Info.plist */ = {isa = PBXFileReference; lastKnownFileType = text.plist.xml; path = Info.plist; sourceTree = "<group>"; };
		69F0315B206E22FD00E46A12 /* main.m */ = {isa = PBXFileReference; lastKnownFileType = sourcecode.c.objc; path = main.m; sourceTree = "<group>"; };
		69F03163206E274900E46A12 /* ZZAlertViewManager.m */ = {isa = PBXFileReference; fileEncoding = 4; lastKnownFileType = sourcecode.c.objc; path = ZZAlertViewManager.m; sourceTree = "<group>"; };
		69F03164206E274900E46A12 /* ZZBaseAlertView.h */ = {isa = PBXFileReference; fileEncoding = 4; lastKnownFileType = sourcecode.c.h; path = ZZBaseAlertView.h; sourceTree = "<group>"; };
		69F03165206E274900E46A12 /* ZZAlertViewManager.h */ = {isa = PBXFileReference; fileEncoding = 4; lastKnownFileType = sourcecode.c.h; path = ZZAlertViewManager.h; sourceTree = "<group>"; };
		69F03166206E274900E46A12 /* ZZBaseAlertView.m */ = {isa = PBXFileReference; fileEncoding = 4; lastKnownFileType = sourcecode.c.objc; path = ZZBaseAlertView.m; sourceTree = "<group>"; };
		69F03169206E276A00E46A12 /* ZZViewA.h */ = {isa = PBXFileReference; fileEncoding = 4; lastKnownFileType = sourcecode.c.h; path = ZZViewA.h; sourceTree = "<group>"; };
		69F0316A206E276A00E46A12 /* ZZViewA.m */ = {isa = PBXFileReference; fileEncoding = 4; lastKnownFileType = sourcecode.c.objc; path = ZZViewA.m; sourceTree = "<group>"; };
		69F0316C206E2CDF00E46A12 /* README.md */ = {isa = PBXFileReference; fileEncoding = 4; lastKnownFileType = net.daringfireball.markdown; path = README.md; sourceTree = "<group>"; };
		69F0316E206E3C5100E46A12 /* ZZAlertViewManager.podspec */ = {isa = PBXFileReference; fileEncoding = 4; lastKnownFileType = text; path = ZZAlertViewManager.podspec; sourceTree = "<group>"; };
/* End PBXFileReference section */

/* Begin PBXFrameworksBuildPhase section */
		69F03146206E22FD00E46A12 /* Frameworks */ = {
			isa = PBXFrameworksBuildPhase;
			buildActionMask = 2147483647;
			files = (
			);
			runOnlyForDeploymentPostprocessing = 0;
		};
/* End PBXFrameworksBuildPhase section */

/* Begin PBXGroup section */
		69F03140206E22FD00E46A12 = {
			isa = PBXGroup;
			children = (
				69F0314B206E22FD00E46A12 /* ZZAlertManagerDemo */,
				69F0314A206E22FD00E46A12 /* Products */,
			);
			sourceTree = "<group>";
		};
		69F0314A206E22FD00E46A12 /* Products */ = {
			isa = PBXGroup;
			children = (
				69F03149206E22FD00E46A12 /* ZZAlertManagerDemo.app */,
			);
			name = Products;
			sourceTree = "<group>";
		};
		69F0314B206E22FD00E46A12 /* ZZAlertManagerDemo */ = {
			isa = PBXGroup;
			children = (
				69F0316E206E3C5100E46A12 /* ZZAlertViewManager.podspec */,
				69F0316C206E2CDF00E46A12 /* README.md */,
				69F03162206E274900E46A12 /* ZZAlertViewManager */,
				69F0314C206E22FD00E46A12 /* AppDelegate.h */,
				69F0314D206E22FD00E46A12 /* AppDelegate.m */,
				69F0314F206E22FD00E46A12 /* ViewController.h */,
				69F03150206E22FD00E46A12 /* ViewController.m */,
				69F03152206E22FD00E46A12 /* Main.storyboard */,
				69F03169206E276A00E46A12 /* ZZViewA.h */,
				69F0316A206E276A00E46A12 /* ZZViewA.m */,
				69F03155206E22FD00E46A12 /* Assets.xcassets */,
				69F03157206E22FD00E46A12 /* LaunchScreen.storyboard */,
				69F0315A206E22FD00E46A12 /* Info.plist */,
				69F0315B206E22FD00E46A12 /* main.m */,
			);
			path = ZZAlertManagerDemo;
			sourceTree = "<group>";
		};
		69F03162206E274900E46A12 /* ZZAlertViewManager */ = {
			isa = PBXGroup;
			children = (
				69F03165206E274900E46A12 /* ZZAlertViewManager.h */,
				69F03163206E274900E46A12 /* ZZAlertViewManager.m */,
				69F03164206E274900E46A12 /* ZZBaseAlertView.h */,
				69F03166206E274900E46A12 /* ZZBaseAlertView.m */,
			);
			path = ZZAlertViewManager;
			sourceTree = "<group>";
		};
/* End PBXGroup section */

/* Begin PBXNativeTarget section */
		69F03148206E22FD00E46A12 /* ZZAlertManagerDemo */ = {
			isa = PBXNativeTarget;
			buildConfigurationList = 69F0315F206E22FD00E46A12 /* Build configuration list for PBXNativeTarget "ZZAlertManagerDemo" */;
			buildPhases = (
				69F03145206E22FD00E46A12 /* Sources */,
				69F03146206E22FD00E46A12 /* Frameworks */,
				69F03147206E22FD00E46A12 /* Resources */,
			);
			buildRules = (
			);
			dependencies = (
			);
			name = ZZAlertManagerDemo;
			productName = ZZAlertManagerDemo;
			productReference = 69F03149206E22FD00E46A12 /* ZZAlertManagerDemo.app */;
			productType = "com.apple.product-type.application";
		};
/* End PBXNativeTarget section */

/* Begin PBXProject section */
		69F03141206E22FD00E46A12 /* Project object */ = {
			isa = PBXProject;
			attributes = {
				LastUpgradeCheck = 0920;
				ORGANIZATIONNAME = apple;
				TargetAttributes = {
					69F03148206E22FD00E46A12 = {
						CreatedOnToolsVersion = 9.2;
						ProvisioningStyle = Automatic;
					};
				};
			};
			buildConfigurationList = 69F03144206E22FD00E46A12 /* Build configuration list for PBXProject "ZZAlertManagerDemo" */;
			compatibilityVersion = "Xcode 8.0";
			developmentRegion = en;
			hasScannedForEncodings = 0;
			knownRegions = (
				en,
				Base,
			);
			mainGroup = 69F03140206E22FD00E46A12;
			productRefGroup = 69F0314A206E22FD00E46A12 /* Products */;
			projectDirPath = "";
			projectRoot = "";
			targets = (
				69F03148206E22FD00E46A12 /* ZZAlertManagerDemo */,
			);
		};
/* End PBXProject section */

/* Begin PBXResourcesBuildPhase section */
		69F03147206E22FD00E46A12 /* Resources */ = {
			isa = PBXResourcesBuildPhase;
			buildActionMask = 2147483647;
			files = (
				69F03159206E22FD00E46A12 /* LaunchScreen.storyboard in Resources */,
				69F03156206E22FD00E46A12 /* Assets.xcassets in Resources */,
				69F0316D206E2CDF00E46A12 /* README.md in Resources */,
				69F03154206E22FD00E46A12 /* Main.storyboard in Resources */,
				69F0316F206E3C5100E46A12 /* ZZAlertViewManager.podspec in Resources */,
			);
			runOnlyForDeploymentPostprocessing = 0;
		};
/* End PBXResourcesBuildPhase section */

/* Begin PBXSourcesBuildPhase section */
		69F03145206E22FD00E46A12 /* Sources */ = {
			isa = PBXSourcesBuildPhase;
			buildActionMask = 2147483647;
			files = (
				69F03151206E22FD00E46A12 /* ViewController.m in Sources */,
				69F03168206E274900E46A12 /* ZZBaseAlertView.m in Sources */,
				69F0316B206E276A00E46A12 /* ZZViewA.m in Sources */,
				69F03167206E274900E46A12 /* ZZAlertViewManager.m in Sources */,
				69F0315C206E22FD00E46A12 /* main.m in Sources */,
				69F0314E206E22FD00E46A12 /* AppDelegate.m in Sources */,
			);
			runOnlyForDeploymentPostprocessing = 0;
		};
/* End PBXSourcesBuildPhase section */

/* Begin PBXVariantGroup section */
		69F03152206E22FD00E46A12 /* Main.storyboard */ = {
			isa = PBXVariantGroup;
			children = (
				69F03153206E22FD00E46A12 /* Base */,
			);
			name = Main.storyboard;
			sourceTree = "<group>";
		};
		69F03157206E22FD00E46A12 /* LaunchScreen.storyboard */ = {
			isa = PBXVariantGroup;
			children = (
				69F03158206E22FD00E46A12 /* Base */,
			);
			name = LaunchScreen.storyboard;
			sourceTree = "<group>";
		};
/* End PBXVariantGroup section */

/* Begin XCBuildConfiguration section */
		69F0315D206E22FD00E46A12 /* Debug */ = {
			isa = XCBuildConfiguration;
			buildSettings = {
				ALWAYS_SEARCH_USER_PATHS = NO;
				CLANG_ANALYZER_NONNULL = YES;
				CLANG_ANALYZER_NUMBER_OBJECT_CONVERSION = YES_AGGRESSIVE;
				CLANG_CXX_LANGUAGE_STANDARD = "gnu++14";
				CLANG_CXX_LIBRARY = "libc++";
				CLANG_ENABLE_MODULES = YES;
				CLANG_ENABLE_OBJC_ARC = YES;
				CLANG_WARN_BLOCK_CAPTURE_AUTORELEASING = YES;
				CLANG_WARN_BOOL_CONVERSION = YES;
				CLANG_WARN_COMMA = YES;
				CLANG_WARN_CONSTANT_CONVERSION = YES;
				CLANG_WARN_DIRECT_OBJC_ISA_USAGE = YES_ERROR;
				CLANG_WARN_DOCUMENTATION_COMMENTS = YES;
				CLANG_WARN_EMPTY_BODY = YES;
				CLANG_WARN_ENUM_CONVERSION = YES;
				CLANG_WARN_INFINITE_RECURSION = YES;
				CLANG_WARN_INT_CONVERSION = YES;
				CLANG_WARN_NON_LITERAL_NULL_CONVERSION = YES;
				CLANG_WARN_OBJC_LITERAL_CONVERSION = YES;
				CLANG_WARN_OBJC_ROOT_CLASS = YES_ERROR;
				CLANG_WARN_RANGE_LOOP_ANALYSIS = YES;
				CLANG_WARN_STRICT_PROTOTYPES = YES;
				CLANG_WARN_SUSPICIOUS_MOVE = YES;
				CLANG_WARN_UNGUARDED_AVAILABILITY = YES_AGGRESSIVE;
				CLANG_WARN_UNREACHABLE_CODE = YES;
				CLANG_WARN__DUPLICATE_METHOD_MATCH = YES;
				CODE_SIGN_IDENTITY = "iPhone Developer";
				COPY_PHASE_STRIP = NO;
				DEBUG_INFORMATION_FORMAT = dwarf;
				ENABLE_STRICT_OBJC_MSGSEND = YES;
				ENABLE_TESTABILITY = YES;
				GCC_C_LANGUAGE_STANDARD = gnu11;
				GCC_DYNAMIC_NO_PIC = NO;
				GCC_NO_COMMON_BLOCKS = YES;
				GCC_OPTIMIZATION_LEVEL = 0;
				GCC_PREPROCESSOR_DEFINITIONS = (
					"DEBUG=1",
					"$(inherited)",
				);
				GCC_WARN_64_TO_32_BIT_CONVERSION = YES;
				GCC_WARN_ABOUT_RETURN_TYPE = YES_ERROR;
				GCC_WARN_UNDECLARED_SELECTOR = YES;
				GCC_WARN_UNINITIALIZED_AUTOS = YES_AGGRESSIVE;
				GCC_WARN_UNUSED_FUNCTION = YES;
				GCC_WARN_UNUSED_VARIABLE = YES;
				IPHONEOS_DEPLOYMENT_TARGET = 10.0;
				MTL_ENABLE_DEBUG_INFO = YES;
				ONLY_ACTIVE_ARCH = YES;
				SDKROOT = iphoneos;
			};
			name = Debug;
		};
		69F0315E206E22FD00E46A12 /* Release */ = {
			isa = XCBuildConfiguration;
			buildSettings = {
				ALWAYS_SEARCH_USER_PATHS = NO;
				CLANG_ANALYZER_NONNULL = YES;
				CLANG_ANALYZER_NUMBER_OBJECT_CONVERSION = YES_AGGRESSIVE;
				CLANG_CXX_LANGUAGE_STANDARD = "gnu++14";
				CLANG_CXX_LIBRARY = "libc++";
				CLANG_ENABLE_MODULES = YES;
				CLANG_ENABLE_OBJC_ARC = YES;
				CLANG_WARN_BLOCK_CAPTURE_AUTORELEASING = YES;
				CLANG_WARN_BOOL_CONVERSION = YES;
				CLANG_WARN_COMMA = YES;
				CLANG_WARN_CONSTANT_CONVERSION = YES;
				CLANG_WARN_DIRECT_OBJC_ISA_USAGE = YES_ERROR;
				CLANG_WARN_DOCUMENTATION_COMMENTS = YES;
				CLANG_WARN_EMPTY_BODY = YES;
				CLANG_WARN_ENUM_CONVERSION = YES;
				CLANG_WARN_INFINITE_RECURSION = YES;
				CLANG_WARN_INT_CONVERSION = YES;
				CLANG_WARN_NON_LITERAL_NULL_CONVERSION = YES;
				CLANG_WARN_OBJC_LITERAL_CONVERSION = YES;
				CLANG_WARN_OBJC_ROOT_CLASS = YES_ERROR;
				CLANG_WARN_RANGE_LOOP_ANALYSIS = YES;
				CLANG_WARN_STRICT_PROTOTYPES = YES;
				CLANG_WARN_SUSPICIOUS_MOVE = YES;
				CLANG_WARN_UNGUARDED_AVAILABILITY = YES_AGGRESSIVE;
				CLANG_WARN_UNREACHABLE_CODE = YES;
				CLANG_WARN__DUPLICATE_METHOD_MATCH = YES;
				CODE_SIGN_IDENTITY = "iPhone Developer";
				COPY_PHASE_STRIP = NO;
				DEBUG_INFORMATION_FORMAT = "dwarf-with-dsym";
				ENABLE_NS_ASSERTIONS = NO;
				ENABLE_STRICT_OBJC_MSGSEND = YES;
				GCC_C_LANGUAGE_STANDARD = gnu11;
				GCC_NO_COMMON_BLOCKS = YES;
				GCC_WARN_64_TO_32_BIT_CONVERSION = YES;
				GCC_WARN_ABOUT_RETURN_TYPE = YES_ERROR;
				GCC_WARN_UNDECLARED_SELECTOR = YES;
				GCC_WARN_UNINITIALIZED_AUTOS = YES_AGGRESSIVE;
				GCC_WARN_UNUSED_FUNCTION = YES;
				GCC_WARN_UNUSED_VARIABLE = YES;
				IPHONEOS_DEPLOYMENT_TARGET = 10.0;
				MTL_ENABLE_DEBUG_INFO = NO;
				SDKROOT = iphoneos;
				VALIDATE_PRODUCT = YES;
			};
			name = Release;
		};
		69F03160206E22FD00E46A12 /* Debug */ = {
			isa = XCBuildConfiguration;
			buildSettings = {
				ASSETCATALOG_COMPILER_APPICON_NAME = AppIcon;
				CODE_SIGN_STYLE = Automatic;
				DEVELOPMENT_TEAM = 9424788LV8;
				INFOPLIST_FILE = ZZAlertManagerDemo/Info.plist;
				LD_RUNPATH_SEARCH_PATHS = "$(inherited) @executable_path/Frameworks";
				PRODUCT_BUNDLE_IDENTIFIER = com.ta.ZZAlertManagerDemo;
				PRODUCT_NAME = "$(TARGET_NAME)";
				TARGETED_DEVICE_FAMILY = "1,2";
			};
			name = Debug;
		};
		69F03161206E22FD00E46A12 /* Release */ = {
			isa = XCBuildConfiguration;
			buildSettings = {
				ASSETCATALOG_COMPILER_APPICON_NAME = AppIcon;
				CODE_SIGN_STYLE = Automatic;
				DEVELOPMENT_TEAM = 9424788LV8;
				INFOPLIST_FILE = ZZAlertManagerDemo/Info.plist;
				LD_RUNPATH_SEARCH_PATHS = "$(inherited) @executable_path/Frameworks";
				PRODUCT_BUNDLE_IDENTIFIER = com.ta.ZZAlertManagerDemo;
				PRODUCT_NAME = "$(TARGET_NAME)";
				TARGETED_DEVICE_FAMILY = "1,2";
			};
			name = Release;
		};
/* End XCBuildConfiguration section */

/* Begin XCConfigurationList section */
		69F03144206E22FD00E46A12 /* Build configuration list for PBXProject "ZZAlertManagerDemo" */ = {
			isa = XCConfigurationList;
			buildConfigurations = (
				69F0315D206E22FD00E46A12 /* Debug */,
				69F0315E206E22FD00E46A12 /* Release */,
			);
			defaultConfigurationIsVisible = 0;
			defaultConfigurationName = Release;
		};
		69F0315F206E22FD00E46A12 /* Build configuration list for PBXNativeTarget "ZZAlertManagerDemo" */ = {
			isa = XCConfigurationList;
			buildConfigurations = (
				69F03160206E22FD00E46A12 /* Debug */,
				69F03161206E22FD00E46A12 /* Release */,
			);
			defaultConfigurationIsVisible = 0;
			defaultConfigurationName = Release;
		};
/* End XCConfigurationList section */
	};
	rootObject = 69F03141206E22FD00E46A12 /* Project object */;
}
